
Microsoft Visual Studio Solution File, Format Version 12.00
# Visual Studio Version 17
VisualStudioVersion = 17.10.35004.147
MinimumVisualStudioVersion = 10.0.40219.1
Project("{FAE04EC0-301F-11D3-BF4B-00C04F79EFBC}") = "Mindbox", "Mindbox\Mindbox.csproj", "{69F6F82D-ED9A-4D45-9DA7-E60357B21967}"
EndProject
Project("{FAE04EC0-301F-11D3-BF4B-00C04F79EFBC}") = "ShapeLibrary", "ShapeLibrary\ShapeLibrary.csproj", "{FC630FBB-01AD-44EC-BDDB-6170D77862E0}"
EndProject
Project("{FAE04EC0-301F-11D3-BF4B-00C04F79EFBC}") = "UnitTests", "UnitTests\UnitTests.csproj", "{A7F882B0-5DE1-4B35-9F2F-3615B9AC396B}"
EndProject
Global
	GlobalSection(SolutionConfigurationPlatforms) = preSolution
		Debug|Any CPU = Debug|Any CPU
		Release|Any CPU = Release|Any CPU
	EndGlobalSection
	GlobalSection(ProjectConfigurationPlatforms) = postSolution
		{69F6F82D-ED9A-4D45-9DA7-E60357B21967}.Debug|Any CPU.ActiveCfg = Debug|Any CPU
		{69F6F82D-ED9A-4D45-9DA7-E60357B21967}.Debug|Any CPU.Build.0 = Debug|Any CPU
		{69F6F82D-ED9A-4D45-9DA7-E60357B21967}.Release|Any CPU.ActiveCfg = Release|Any CPU
		{69F6F82D-ED9A-4D45-9DA7-E60357B21967}.Release|Any CPU.Build.0 = Release|Any CPU
		{FC630FBB-01AD-44EC-BDDB-6170D77862E0}.Debug|Any CPU.ActiveCfg = Debug|Any CPU
		{FC630FBB-01AD-44EC-BDDB-6170D77862E0}.Debug|Any CPU.Build.0 = Debug|Any CPU
		{FC630FBB-01AD-44EC-BDDB-6170D77862E0}.Release|Any CPU.ActiveCfg = Release|Any CPU
		{FC630FBB-01AD-44EC-BDDB-6170D77862E0}.Release|Any CPU.Build.0 = Release|Any CPU
		{A7F882B0-5DE1-4B35-9F2F-3615B9AC396B}.Debug|Any CPU.ActiveCfg = Debug|Any CPU
		{A7F882B0-5DE1-4B35-9F2F-3615B9AC396B}.Debug|Any CPU.Build.0 = Debug|Any CPU
		{A7F882B0-5DE1-4B35-9F2F-3615B9AC396B}.Release|Any CPU.ActiveCfg = Release|Any CPU
		{A7F882B0-5DE1-4B35-9F2F-3615B9AC396B}.Release|Any CPU.Build.0 = Release|Any CPU
	EndGlobalSection
	GlobalSection(SolutionProperties) = preSolution
		HideSolutionNode = FALSE
	EndGlobalSection
	GlobalSection(ExtensibilityGlobals) = postSolution
		SolutionGuid = {F9089120-B00A-43FE-8545-33BA5F1C5564}
	EndGlobalSection
EndGlobal
